// !$*UTF8*$!
{
	archiveVersion = 1;
	classes = {
	};
	objectVersion = 46;
	objects = {

/* Begin PBXBuildFile section */
		5669F39C1F79A78E00C2316C /* AppDelegate.swift in Sources */ = {isa = PBXBuildFile; fileRef = 5669F39B1F79A78E00C2316C /* AppDelegate.swift */; };
		5669F39E1F79A78E00C2316C /* ViewController.swift in Sources */ = {isa = PBXBuildFile; fileRef = 5669F39D1F79A78E00C2316C /* ViewController.swift */; };
		5669F3A11F79A78E00C2316C /* Main.storyboard in Resources */ = {isa = PBXBuildFile; fileRef = 5669F39F1F79A78E00C2316C /* Main.storyboard */; };
		5669F3A31F79A78E00C2316C /* Assets.xcassets in Resources */ = {isa = PBXBuildFile; fileRef = 5669F3A21F79A78E00C2316C /* Assets.xcassets */; };
		5669F3A61F79A78E00C2316C /* LaunchScreen.storyboard in Resources */ = {isa = PBXBuildFile; fileRef = 5669F3A41F79A78E00C2316C /* LaunchScreen.storyboard */; };
		5669F3B11F79A78E00C2316C /* SixteenCardsTests.swift in Sources */ = {isa = PBXBuildFile; fileRef = 5669F3B01F79A78E00C2316C /* SixteenCardsTests.swift */; };
		5669F3BC1F79A78E00C2316C /* SixteenCardsUITests.swift in Sources */ = {isa = PBXBuildFile; fileRef = 5669F3BB1F79A78E00C2316C /* SixteenCardsUITests.swift */; };
/* End PBXBuildFile section */

/* Begin PBXContainerItemProxy section */
		5669F3AD1F79A78E00C2316C /* PBXContainerItemProxy */ = {
			isa = PBXContainerItemProxy;
			containerPortal = 5669F3901F79A78E00C2316C /* Project object */;
			proxyType = 1;
			remoteGlobalIDString = 5669F3971F79A78E00C2316C;
			remoteInfo = SixteenCards;
		};
		5669F3B81F79A78E00C2316C /* PBXContainerItemProxy */ = {
			isa = PBXContainerItemProxy;
			containerPortal = 5669F3901F79A78E00C2316C /* Project object */;
			proxyType = 1;
			remoteGlobalIDString = 5669F3971F79A78E00C2316C;
			remoteInfo = SixteenCards;
		};
/* End PBXContainerItemProxy section */

/* Begin PBXFileReference section */
		5669F3981F79A78E00C2316C /* SixteenCards.app */ = {isa = PBXFileReference; explicitFileType = wrapper.application; includeInIndex = 0; path = SixteenCards.app; sourceTree = BUILT_PRODUCTS_DIR; };
		5669F39B1F79A78E00C2316C /* AppDelegate.swift */ = {isa = PBXFileReference; lastKnownFileType = sourcecode.swift; path = AppDelegate.swift; sourceTree = "<group>"; };
		5669F39D1F79A78E00C2316C /* ViewController.swift */ = {isa = PBXFileReference; lastKnownFileType = sourcecode.swift; path = ViewController.swift; sourceTree = "<group>"; };
		5669F3A01F79A78E00C2316C /* Base */ = {isa = PBXFileReference; lastKnownFileType = file.storyboard; name = Base; path = Base.lproj/Main.storyboard; sourceTree = "<group>"; };
		5669F3A21F79A78E00C2316C /* Assets.xcassets */ = {isa = PBXFileReference; lastKnownFileType = folder.assetcatalog; path = Assets.xcassets; sourceTree = "<group>"; };
		5669F3A51F79A78E00C2316C /* Base */ = {isa = PBXFileReference; lastKnownFileType = file.storyboard; name = Base; path = Base.lproj/LaunchScreen.storyboard; sourceTree = "<group>"; };
		5669F3A71F79A78E00C2316C /* Info.plist */ = {isa = PBXFileReference; lastKnownFileType = text.plist.xml; path = Info.plist; sourceTree = "<group>"; };
		5669F3AC1F79A78E00C2316C /* SixteenCardsTests.xctest */ = {isa = PBXFileReference; explicitFileType = wrapper.cfbundle; includeInIndex = 0; path = SixteenCardsTests.xctest; sourceTree = BUILT_PRODUCTS_DIR; };
		5669F3B01F79A78E00C2316C /* SixteenCardsTests.swift */ = {isa = PBXFileReference; lastKnownFileType = sourcecode.swift; path = SixteenCardsTests.swift; sourceTree = "<group>"; };
		5669F3B21F79A78E00C2316C /* Info.plist */ = {isa = PBXFileReference; lastKnownFileType = text.plist.xml; path = Info.plist; sourceTree = "<group>"; };
		5669F3B71F79A78E00C2316C /* SixteenCardsUITests.xctest */ = {isa = PBXFileReference; explicitFileType = wrapper.cfbundle; includeInIndex = 0; path = SixteenCardsUITests.xctest; sourceTree = BUILT_PRODUCTS_DIR; };
		5669F3BB1F79A78E00C2316C /* SixteenCardsUITests.swift */ = {isa = PBXFileReference; lastKnownFileType = sourcecode.swift; path = SixteenCardsUITests.swift; sourceTree = "<group>"; };
		5669F3BD1F79A78E00C2316C /* Info.plist */ = {isa = PBXFileReference; lastKnownFileType = text.plist.xml; path = Info.plist; sourceTree = "<group>"; };
/* End PBXFileReference section */

/* Begin PBXFrameworksBuildPhase section */
		5669F3951F79A78E00C2316C /* Frameworks */ = {
			isa = PBXFrameworksBuildPhase;
			buildActionMask = 2147483647;
			files = (
			);
			runOnlyForDeploymentPostprocessing = 0;
		};
		5669F3A91F79A78E00C2316C /* Frameworks */ = {
			isa = PBXFrameworksBuildPhase;
			buildActionMask = 2147483647;
			files = (
			);
			runOnlyForDeploymentPostprocessing = 0;
		};
		5669F3B41F79A78E00C2316C /* Frameworks */ = {
			isa = PBXFrameworksBuildPhase;
			buildActionMask = 2147483647;
			files = (
			);
			runOnlyForDeploymentPostprocessing = 0;
		};
/* End PBXFrameworksBuildPhase section */

/* Begin PBXGroup section */
		5669F38F1F79A78E00C2316C = {
			isa = PBXGroup;
			children = (
				5669F39A1F79A78E00C2316C /* SixteenCards */,
				5669F3AF1F79A78E00C2316C /* SixteenCardsTests */,
				5669F3BA1F79A78E00C2316C /* SixteenCardsUITests */,
				5669F3991F79A78E00C2316C /* Products */,
			);
			sourceTree = "<group>";
		};
		5669F3991F79A78E00C2316C /* Products */ = {
			isa = PBXGroup;
			children = (
				5669F3981F79A78E00C2316C /* SixteenCards.app */,
				5669F3AC1F79A78E00C2316C /* SixteenCardsTests.xctest */,
				5669F3B71F79A78E00C2316C /* SixteenCardsUITests.xctest */,
			);
			name = Products;
			sourceTree = "<group>";
		};
		5669F39A1F79A78E00C2316C /* SixteenCards */ = {
			isa = PBXGroup;
			children = (
				5669F39B1F79A78E00C2316C /* AppDelegate.swift */,
				5669F39D1F79A78E00C2316C /* ViewController.swift */,
				5669F39F1F79A78E00C2316C /* Main.storyboard */,
				5669F3A21F79A78E00C2316C /* Assets.xcassets */,
				5669F3A41F79A78E00C2316C /* LaunchScreen.storyboard */,
				5669F3A71F79A78E00C2316C /* Info.plist */,
			);
			path = SixteenCards;
			sourceTree = "<group>";
		};
		5669F3AF1F79A78E00C2316C /* SixteenCardsTests */ = {
			isa = PBXGroup;
			children = (
				5669F3B01F79A78E00C2316C /* SixteenCardsTests.swift */,
				5669F3B21F79A78E00C2316C /* Info.plist */,
			);
			path = SixteenCardsTests;
			sourceTree = "<group>";
		};
		5669F3BA1F79A78E00C2316C /* SixteenCardsUITests */ = {
			isa = PBXGroup;
			children = (
				5669F3BB1F79A78E00C2316C /* SixteenCardsUITests.swift */,
				5669F3BD1F79A78E00C2316C /* Info.plist */,
			);
			path = SixteenCardsUITests;
			sourceTree = "<group>";
		};
/* End PBXGroup section */

/* Begin PBXNativeTarget section */
		5669F3971F79A78E00C2316C /* SixteenCards */ = {
			isa = PBXNativeTarget;
			buildConfigurationList = 5669F3C01F79A78E00C2316C /* Build configuration list for PBXNativeTarget "SixteenCards" */;
			buildPhases = (
				5669F3941F79A78E00C2316C /* Sources */,
				5669F3951F79A78E00C2316C /* Frameworks */,
				5669F3961F79A78E00C2316C /* Resources */,
			);
			buildRules = (
			);
			dependencies = (
			);
			name = SixteenCards;
			productName = SixteenCards;
			productReference = 5669F3981F79A78E00C2316C /* SixteenCards.app */;
			productType = "com.apple.product-type.application";
		};
		5669F3AB1F79A78E00C2316C /* SixteenCardsTests */ = {
			isa = PBXNativeTarget;
			buildConfigurationList = 5669F3C31F79A78E00C2316C /* Build configuration list for PBXNativeTarget "SixteenCardsTests" */;
			buildPhases = (
				5669F3A81F79A78E00C2316C /* Sources */,
				5669F3A91F79A78E00C2316C /* Frameworks */,
				5669F3AA1F79A78E00C2316C /* Resources */,
			);
			buildRules = (
			);
			dependencies = (
				5669F3AE1F79A78E00C2316C /* PBXTargetDependency */,
			);
			name = SixteenCardsTests;
			productName = SixteenCardsTests;
			productReference = 5669F3AC1F79A78E00C2316C /* SixteenCardsTests.xctest */;
			productType = "com.apple.product-type.bundle.unit-test";
		};
		5669F3B61F79A78E00C2316C /* SixteenCardsUITests */ = {
			isa = PBXNativeTarget;
			buildConfigurationList = 5669F3C61F79A78E00C2316C /* Build configuration list for PBXNativeTarget "SixteenCardsUITests" */;
			buildPhases = (
				5669F3B31F79A78E00C2316C /* Sources */,
				5669F3B41F79A78E00C2316C /* Frameworks */,
				5669F3B51F79A78E00C2316C /* Resources */,
			);
			buildRules = (
			);
			dependencies = (
				5669F3B91F79A78E00C2316C /* PBXTargetDependency */,
			);
			name = SixteenCardsUITests;
			productName = SixteenCardsUITests;
			productReference = 5669F3B71F79A78E00C2316C /* SixteenCardsUITests.xctest */;
			productType = "com.apple.product-type.bundle.ui-testing";
		};
/* End PBXNativeTarget section */

/* Begin PBXProject section */
		5669F3901F79A78E00C2316C /* Project object */ = {
			isa = PBXProject;
			attributes = {
				LastSwiftUpdateCheck = 0830;
				LastUpgradeCheck = 0830;
				ORGANIZATIONNAME = "Parker Thomas";
				TargetAttributes = {
					5669F3971F79A78E00C2316C = {
						CreatedOnToolsVersion = 8.3.3;
						ProvisioningStyle = Automatic;
					};
					5669F3AB1F79A78E00C2316C = {
						CreatedOnToolsVersion = 8.3.3;
						ProvisioningStyle = Automatic;
						TestTargetID = 5669F3971F79A78E00C2316C;
					};
					5669F3B61F79A78E00C2316C = {
						CreatedOnToolsVersion = 8.3.3;
						ProvisioningStyle = Automatic;
						TestTargetID = 5669F3971F79A78E00C2316C;
					};
				};
			};
			buildConfigurationList = 5669F3931F79A78E00C2316C /* Build configuration list for PBXProject "SixteenCards" */;
			compatibilityVersion = "Xcode 3.2";
			developmentRegion = English;
			hasScannedForEncodings = 0;
			knownRegions = (
				en,
				Base,
			);
			mainGroup = 5669F38F1F79A78E00C2316C;
			productRefGroup = 5669F3991F79A78E00C2316C /* Products */;
			projectDirPath = "";
			projectRoot = "";
			targets = (
				5669F3971F79A78E00C2316C /* SixteenCards */,
				5669F3AB1F79A78E00C2316C /* SixteenCardsTests */,
				5669F3B61F79A78E00C2316C /* SixteenCardsUITests */,
			);
		};
/* End PBXProject section */

/* Begin PBXResourcesBuildPhase section */
		5669F3961F79A78E00C2316C /* Resources */ = {
			isa = PBXResourcesBuildPhase;
			buildActionMask = 2147483647;
			files = (
				5669F3A61F79A78E00C2316C /* LaunchScreen.storyboard in Resources */,
				5669F3A31F79A78E00C2316C /* Assets.xcassets in Resources */,
				5669F3A11F79A78E00C2316C /* Main.storyboard in Resources */,
			);
			runOnlyForDeploymentPostprocessing = 0;
		};
		5669F3AA1F79A78E00C2316C /* Resources */ = {
			isa = PBXResourcesBuildPhase;
			buildActionMask = 2147483647;
			files = (
			);
			runOnlyForDeploymentPostprocessing = 0;
		};
		5669F3B51F79A78E00C2316C /* Resources */ = {
			isa = PBXResourcesBuildPhase;
			buildActionMask = 2147483647;
			files = (
			);
			runOnlyForDeploymentPostprocessing = 0;
		};
/* End PBXResourcesBuildPhase section */

/* Begin PBXSourcesBuildPhase section */
		5669F3941F79A78E00C2316C /* Sources */ = {
			isa = PBXSourcesBuildPhase;
			buildActionMask = 2147483647;
			files = (
				5669F39E1F79A78E00C2316C /* ViewController.swift in Sources */,
				5669F39C1F79A78E00C2316C /* AppDelegate.swift in Sources */,
			);
			runOnlyForDeploymentPostprocessing = 0;
		};
		5669F3A81F79A78E00C2316C /* Sources */ = {
			isa = PBXSourcesBuildPhase;
			buildActionMask = 2147483647;
			files = (
				5669F3B11F79A78E00C2316C /* SixteenCardsTests.swift in Sources */,
			);
			runOnlyForDeploymentPostprocessing = 0;
		};
		5669F3B31F79A78E00C2316C /* Sources */ = {
			isa = PBXSourcesBuildPhase;
			buildActionMask = 2147483647;
			files = (
				5669F3BC1F79A78E00C2316C /* SixteenCardsUITests.swift in Sources */,
			);
			runOnlyForDeploymentPostprocessing = 0;
		};
/* End PBXSourcesBuildPhase section */

/* Begin PBXTargetDependency section */
		5669F3AE1F79A78E00C2316C /* PBXTargetDependency */ = {
			isa = PBXTargetDependency;
			target = 5669F3971F79A78E00C2316C /* SixteenCards */;
			targetProxy = 5669F3AD1F79A78E00C2316C /* PBXContainerItemProxy */;
		};
		5669F3B91F79A78E00C2316C /* PBXTargetDependency */ = {
			isa = PBXTargetDependency;
			target = 5669F3971F79A78E00C2316C /* SixteenCards */;
			targetProxy = 5669F3B81F79A78E00C2316C /* PBXContainerItemProxy */;
		};
/* End PBXTargetDependency section */

/* Begin PBXVariantGroup section */
		5669F39F1F79A78E00C2316C /* Main.storyboard */ = {
			isa = PBXVariantGroup;
			children = (
				5669F3A01F79A78E00C2316C /* Base */,
			);
			name = Main.storyboard;
			sourceTree = "<group>";
		};
		5669F3A41F79A78E00C2316C /* LaunchScreen.storyboard */ = {
			isa = PBXVariantGroup;
			children = (
				5669F3A51F79A78E00C2316C /* Base */,
			);
			name = LaunchScreen.storyboard;
			sourceTree = "<group>";
		};
/* End PBXVariantGroup section */

/* Begin XCBuildConfiguration section */
		5669F3BE1F79A78E00C2316C /* Debug */ = {
			isa = XCBuildConfiguration;
			buildSettings = {
				ALWAYS_SEARCH_USER_PATHS = NO;
				CLANG_ANALYZER_NONNULL = YES;
				CLANG_ANALYZER_NUMBER_OBJECT_CONVERSION = YES_AGGRESSIVE;
				CLANG_CXX_LANGUAGE_STANDARD = "gnu++0x";
				CLANG_CXX_LIBRARY = "libc++";
				CLANG_ENABLE_MODULES = YES;
				CLANG_ENABLE_OBJC_ARC = YES;
				CLANG_WARN_BOOL_CONVERSION = YES;
				CLANG_WARN_CONSTANT_CONVERSION = YES;
				CLANG_WARN_DIRECT_OBJC_ISA_USAGE = YES_ERROR;
				CLANG_WARN_DOCUMENTATION_COMMENTS = YES;
				CLANG_WARN_EMPTY_BODY = YES;
				CLANG_WARN_ENUM_CONVERSION = YES;
				CLANG_WARN_INFINITE_RECURSION = YES;
				CLANG_WARN_INT_CONVERSION = YES;
				CLANG_WARN_OBJC_ROOT_CLASS = YES_ERROR;
				CLANG_WARN_SUSPICIOUS_MOVE = YES;
				CLANG_WARN_UNREACHABLE_CODE = YES;
				CLANG_WARN__DUPLICATE_METHOD_MATCH = YES;
				"CODE_SIGN_IDENTITY[sdk=iphoneos*]" = "iPhone Developer";
				COPY_PHASE_STRIP = NO;
				DEBUG_INFORMATION_FORMAT = dwarf;
				ENABLE_STRICT_OBJC_MSGSEND = YES;
				ENABLE_TESTABILITY = YES;
				GCC_C_LANGUAGE_STANDARD = gnu99;
				GCC_DYNAMIC_NO_PIC = NO;
				GCC_NO_COMMON_BLOCKS = YES;
				GCC_OPTIMIZATION_LEVEL = 0;
				GCC_PREPROCESSOR_DEFINITIONS = (
					"DEBUG=1",
					"$(inherited)",
				);
				GCC_WARN_64_TO_32_BIT_CONVERSION = YES;
				GCC_WARN_ABOUT_RETURN_TYPE = YES_ERROR;
				GCC_WARN_UNDECLARED_SELECTOR = YES;
				GCC_WARN_UNINITIALIZED_AUTOS = YES_AGGRESSIVE;
				GCC_WARN_UNUSED_FUNCTION = YES;
				GCC_WARN_UNUSED_VARIABLE = YES;
				IPHONEOS_DEPLOYMENT_TARGET = 10.3;
				MTL_ENABLE_DEBUG_INFO = YES;
				ONLY_ACTIVE_ARCH = YES;
				SDKROOT = iphoneos;
				SWIFT_ACTIVE_COMPILATION_CONDITIONS = DEBUG;
				SWIFT_OPTIMIZATION_LEVEL = "-Onone";
			};
			name = Debug;
		};
		5669F3BF1F79A78E00C2316C /* Release */ = {
			isa = XCBuildConfiguration;
			buildSettings = {
				ALWAYS_SEARCH_USER_PATHS = NO;
				CLANG_ANALYZER_NONNULL = YES;
				CLANG_ANALYZER_NUMBER_OBJECT_CONVERSION = YES_AGGRESSIVE;
				CLANG_CXX_LANGUAGE_STANDARD = "gnu++0x";
				CLANG_CXX_LIBRARY = "libc++";
				CLANG_ENABLE_MODULES = YES;
				CLANG_ENABLE_OBJC_ARC = YES;
				CLANG_WARN_BOOL_CONVERSION = YES;
				CLANG_WARN_CONSTANT_CONVERSION = YES;
				CLANG_WARN_DIRECT_OBJC_ISA_USAGE = YES_ERROR;
				CLANG_WARN_DOCUMENTATION_COMMENTS = YES;
				CLANG_WARN_EMPTY_BODY = YES;
				CLANG_WARN_ENUM_CONVERSION = YES;
				CLANG_WARN_INFINITE_RECURSION = YES;
				CLANG_WARN_INT_CONVERSION = YES;
				CLANG_WARN_OBJC_ROOT_CLASS = YES_ERROR;
				CLANG_WARN_SUSPICIOUS_MOVE = YES;
				CLANG_WARN_UNREACHABLE_CODE = YES;
				CLANG_WARN__DUPLICATE_METHOD_MATCH = YES;
				"CODE_SIGN_IDENTITY[sdk=iphoneos*]" = "iPhone Developer";
				COPY_PHASE_STRIP = NO;
				DEBUG_INFORMATION_FORMAT = "dwarf-with-dsym";
				ENABLE_NS_ASSERTIONS = NO;
				ENABLE_STRICT_OBJC_MSGSEND = YES;
				GCC_C_LANGUAGE_STANDARD = gnu99;
				GCC_NO_COMMON_BLOCKS = YES;
				GCC_WARN_64_TO_32_BIT_CONVERSION = YES;
				GCC_WARN_ABOUT_RETURN_TYPE = YES_ERROR;
				GCC_WARN_UNDECLARED_SELECTOR = YES;
				GCC_WARN_UNINITIALIZED_AUTOS = YES_AGGRESSIVE;
				GCC_WARN_UNUSED_FUNCTION = YES;
				GCC_WARN_UNUSED_VARIABLE = YES;
				IPHONEOS_DEPLOYMENT_TARGET = 10.3;
				MTL_ENABLE_DEBUG_INFO = NO;
				SDKROOT = iphoneos;
				SWIFT_OPTIMIZATION_LEVEL = "-Owholemodule";
				VALIDATE_PRODUCT = YES;
			};
			name = Release;
		};
		5669F3C11F79A78E00C2316C /* Debug */ = {
			isa = XCBuildConfiguration;
			buildSettings = {
				ASSETCATALOG_COMPILER_APPICON_NAME = AppIcon;
				INFOPLIST_FILE = SixteenCards/Info.plist;
				LD_RUNPATH_SEARCH_PATHS = "$(inherited) @executable_path/Frameworks";
				PRODUCT_BUNDLE_IDENTIFIER = edu.elon.cs.SixteenCards;
				PRODUCT_NAME = "$(TARGET_NAME)";
				SWIFT_VERSION = 3.0;
			};
			name = Debug;
		};
		5669F3C21F79A78E00C2316C /* Release */ = {
			isa = XCBuildConfiguration;
			buildSettings = {
				ASSETCATALOG_COMPILER_APPICON_NAME = AppIcon;
				INFOPLIST_FILE = SixteenCards/Info.plist;
				LD_RUNPATH_SEARCH_PATHS = "$(inherited) @executable_path/Frameworks";
				PRODUCT_BUNDLE_IDENTIFIER = edu.elon.cs.SixteenCards;
				PRODUCT_NAME = "$(TARGET_NAME)";
				SWIFT_VERSION = 3.0;
			};
			name = Release;
		};
		5669F3C41F79A78E00C2316C /* Debug */ = {
			isa = XCBuildConfiguration;
			buildSettings = {
				ALWAYS_EMBED_SWIFT_STANDARD_LIBRARIES = YES;
				BUNDLE_LOADER = "$(TEST_HOST)";
				INFOPLIST_FILE = SixteenCardsTests/Info.plist;
				LD_RUNPATH_SEARCH_PATHS = "$(inherited) @executable_path/Frameworks @loader_path/Frameworks";
				PRODUCT_BUNDLE_IDENTIFIER = edu.elon.cs.SixteenCardsTests;
				PRODUCT_NAME = "$(TARGET_NAME)";
				SWIFT_VERSION = 3.0;
				TEST_HOST = "$(BUILT_PRODUCTS_DIR)/SixteenCards.app/SixteenCards";
			};
			name = Debug;
		};
		5669F3C51F79A78E00C2316C /* Release */ = {
			isa = XCBuildConfiguration;
			buildSettings = {
				ALWAYS_EMBED_SWIFT_STANDARD_LIBRARIES = YES;
				BUNDLE_LOADER = "$(TEST_HOST)";
				INFOPLIST_FILE = SixteenCardsTests/Info.plist;
				LD_RUNPATH_SEARCH_PATHS = "$(inherited) @executable_path/Frameworks @loader_path/Frameworks";
				PRODUCT_BUNDLE_IDENTIFIER = edu.elon.cs.SixteenCardsTests;
				PRODUCT_NAME = "$(TARGET_NAME)";
				SWIFT_VERSION = 3.0;
				TEST_HOST = "$(BUILT_PRODUCTS_DIR)/SixteenCards.app/SixteenCards";
			};
			name = Release;
		};
		5669F3C71F79A78E00C2316C /* Debug */ = {
			isa = XCBuildConfiguration;
			buildSettings = {
				ALWAYS_EMBED_SWIFT_STANDARD_LIBRARIES = YES;
				INFOPLIST_FILE = SixteenCardsUITests/Info.plist;
				LD_RUNPATH_SEARCH_PATHS = "$(inherited) @executable_path/Frameworks @loader_path/Frameworks";
				PRODUCT_BUNDLE_IDENTIFIER = edu.elon.cs.SixteenCardsUITests;
				PRODUCT_NAME = "$(TARGET_NAME)";
				SWIFT_VERSION = 3.0;
				TEST_TARGET_NAME = SixteenCards;
			};
			name = Debug;
		};
		5669F3C81F79A78E00C2316C /* Release */ = {
			isa = XCBuildConfiguration;
			buildSettings = {
				ALWAYS_EMBED_SWIFT_STANDARD_LIBRARIES = YES;
				INFOPLIST_FILE = SixteenCardsUITests/Info.plist;
				LD_RUNPATH_SEARCH_PATHS = "$(inherited) @executable_path/Frameworks @loader_path/Frameworks";
				PRODUCT_BUNDLE_IDENTIFIER = edu.elon.cs.SixteenCardsUITests;
				PRODUCT_NAME = "$(TARGET_NAME)";
				SWIFT_VERSION = 3.0;
				TEST_TARGET_NAME = SixteenCards;
			};
			name = Release;
		};
/* End XCBuildConfiguration section */

/* Begin XCConfigurationList section */
		5669F3931F79A78E00C2316C /* Build configuration list for PBXProject "SixteenCards" */ = {
			isa = XCConfigurationList;
			buildConfigurations = (
				5669F3BE1F79A78E00C2316C /* Debug */,
				5669F3BF1F79A78E00C2316C /* Release */,
			);
			defaultConfigurationIsVisible = 0;
			defaultConfigurationName = Release;
		};
		5669F3C01F79A78E00C2316C /* Build configuration list for PBXNativeTarget "SixteenCards" */ = {
			isa = XCConfigurationList;
			buildConfigurations = (
				5669F3C11F79A78E00C2316C /* Debug */,
				5669F3C21F79A78E00C2316C /* Release */,
			);
			defaultConfigurationIsVisible = 0;
		};
		5669F3C31F79A78E00C2316C /* Build configuration list for PBXNativeTarget "SixteenCardsTests" */ = {
			isa = XCConfigurationList;
			buildConfigurations = (
				5669F3C41F79A78E00C2316C /* Debug */,
				5669F3C51F79A78E00C2316C /* Release */,
			);
			defaultConfigurationIsVisible = 0;
		};
		5669F3C61F79A78E00C2316C /* Build configuration list for PBXNativeTarget "SixteenCardsUITests" */ = {
			isa = XCConfigurationList;
			buildConfigurations = (
				5669F3C71F79A78E00C2316C /* Debug */,
				5669F3C81F79A78E00C2316C /* Release */,
			);
			defaultConfigurationIsVisible = 0;
		};
/* End XCConfigurationList section */
	};
	rootObject = 5669F3901F79A78E00C2316C /* Project object */;
}
