// !$*UTF8*$!
{
	archiveVersion = 1;
	classes = {
	};
	objectVersion = 48;
	objects = {

/* Begin PBXBuildFile section */
		D2C48F861F9A458A0051294F /* AppDelegate.swift in Sources */ = {isa = PBXBuildFile; fileRef = D2C48F851F9A458A0051294F /* AppDelegate.swift */; };
		D2C48F8C1F9A458A0051294F /* GameScene.swift in Sources */ = {isa = PBXBuildFile; fileRef = D2C48F8B1F9A458A0051294F /* GameScene.swift */; };
		D2C48F8E1F9A458A0051294F /* GameViewController.swift in Sources */ = {isa = PBXBuildFile; fileRef = D2C48F8D1F9A458A0051294F /* GameViewController.swift */; };
		D2C48F911F9A458A0051294F /* Main.storyboard in Resources */ = {isa = PBXBuildFile; fileRef = D2C48F8F1F9A458A0051294F /* Main.storyboard */; };
		D2C48F931F9A458A0051294F /* Assets.xcassets in Resources */ = {isa = PBXBuildFile; fileRef = D2C48F921F9A458A0051294F /* Assets.xcassets */; };
		D2C48F961F9A458A0051294F /* LaunchScreen.storyboard in Resources */ = {isa = PBXBuildFile; fileRef = D2C48F941F9A458A0051294F /* LaunchScreen.storyboard */; };
		D2C48FA11F9A458A0051294F /* MultitouchTests.swift in Sources */ = {isa = PBXBuildFile; fileRef = D2C48FA01F9A458A0051294F /* MultitouchTests.swift */; };
		D2C48FAC1F9A458A0051294F /* MultitouchUITests.swift in Sources */ = {isa = PBXBuildFile; fileRef = D2C48FAB1F9A458A0051294F /* MultitouchUITests.swift */; };
/* End PBXBuildFile section */

/* Begin PBXContainerItemProxy section */
		D2C48F9D1F9A458A0051294F /* PBXContainerItemProxy */ = {
			isa = PBXContainerItemProxy;
			containerPortal = D2C48F7A1F9A458A0051294F /* Project object */;
			proxyType = 1;
			remoteGlobalIDString = D2C48F811F9A458A0051294F;
			remoteInfo = Multitouch;
		};
		D2C48FA81F9A458A0051294F /* PBXContainerItemProxy */ = {
			isa = PBXContainerItemProxy;
			containerPortal = D2C48F7A1F9A458A0051294F /* Project object */;
			proxyType = 1;
			remoteGlobalIDString = D2C48F811F9A458A0051294F;
			remoteInfo = Multitouch;
		};
/* End PBXContainerItemProxy section */

/* Begin PBXFileReference section */
		D2C48F821F9A458A0051294F /* Multitouch.app */ = {isa = PBXFileReference; explicitFileType = wrapper.application; includeInIndex = 0; path = Multitouch.app; sourceTree = BUILT_PRODUCTS_DIR; };
		D2C48F851F9A458A0051294F /* AppDelegate.swift */ = {isa = PBXFileReference; lastKnownFileType = sourcecode.swift; path = AppDelegate.swift; sourceTree = "<group>"; };
		D2C48F8B1F9A458A0051294F /* GameScene.swift */ = {isa = PBXFileReference; lastKnownFileType = sourcecode.swift; path = GameScene.swift; sourceTree = "<group>"; };
		D2C48F8D1F9A458A0051294F /* GameViewController.swift */ = {isa = PBXFileReference; lastKnownFileType = sourcecode.swift; path = GameViewController.swift; sourceTree = "<group>"; };
		D2C48F901F9A458A0051294F /* Base */ = {isa = PBXFileReference; lastKnownFileType = file.storyboard; name = Base; path = Base.lproj/Main.storyboard; sourceTree = "<group>"; };
		D2C48F921F9A458A0051294F /* Assets.xcassets */ = {isa = PBXFileReference; lastKnownFileType = folder.assetcatalog; path = Assets.xcassets; sourceTree = "<group>"; };
		D2C48F951F9A458A0051294F /* Base */ = {isa = PBXFileReference; lastKnownFileType = file.storyboard; name = Base; path = Base.lproj/LaunchScreen.storyboard; sourceTree = "<group>"; };
		D2C48F971F9A458A0051294F /* Info.plist */ = {isa = PBXFileReference; lastKnownFileType = text.plist.xml; path = Info.plist; sourceTree = "<group>"; };
		D2C48F9C1F9A458A0051294F /* MultitouchTests.xctest */ = {isa = PBXFileReference; explicitFileType = wrapper.cfbundle; includeInIndex = 0; path = MultitouchTests.xctest; sourceTree = BUILT_PRODUCTS_DIR; };
		D2C48FA01F9A458A0051294F /* MultitouchTests.swift */ = {isa = PBXFileReference; lastKnownFileType = sourcecode.swift; path = MultitouchTests.swift; sourceTree = "<group>"; };
		D2C48FA21F9A458A0051294F /* Info.plist */ = {isa = PBXFileReference; lastKnownFileType = text.plist.xml; path = Info.plist; sourceTree = "<group>"; };
		D2C48FA71F9A458A0051294F /* MultitouchUITests.xctest */ = {isa = PBXFileReference; explicitFileType = wrapper.cfbundle; includeInIndex = 0; path = MultitouchUITests.xctest; sourceTree = BUILT_PRODUCTS_DIR; };
		D2C48FAB1F9A458A0051294F /* MultitouchUITests.swift */ = {isa = PBXFileReference; lastKnownFileType = sourcecode.swift; path = MultitouchUITests.swift; sourceTree = "<group>"; };
		D2C48FAD1F9A458A0051294F /* Info.plist */ = {isa = PBXFileReference; lastKnownFileType = text.plist.xml; path = Info.plist; sourceTree = "<group>"; };
/* End PBXFileReference section */

/* Begin PBXFrameworksBuildPhase section */
		D2C48F7F1F9A458A0051294F /* Frameworks */ = {
			isa = PBXFrameworksBuildPhase;
			buildActionMask = 2147483647;
			files = (
			);
			runOnlyForDeploymentPostprocessing = 0;
		};
		D2C48F991F9A458A0051294F /* Frameworks */ = {
			isa = PBXFrameworksBuildPhase;
			buildActionMask = 2147483647;
			files = (
			);
			runOnlyForDeploymentPostprocessing = 0;
		};
		D2C48FA41F9A458A0051294F /* Frameworks */ = {
			isa = PBXFrameworksBuildPhase;
			buildActionMask = 2147483647;
			files = (
			);
			runOnlyForDeploymentPostprocessing = 0;
		};
/* End PBXFrameworksBuildPhase section */

/* Begin PBXGroup section */
		D2C48F791F9A458A0051294F = {
			isa = PBXGroup;
			children = (
				D2C48F841F9A458A0051294F /* Multitouch */,
				D2C48F9F1F9A458A0051294F /* MultitouchTests */,
				D2C48FAA1F9A458A0051294F /* MultitouchUITests */,
				D2C48F831F9A458A0051294F /* Products */,
			);
			sourceTree = "<group>";
		};
		D2C48F831F9A458A0051294F /* Products */ = {
			isa = PBXGroup;
			children = (
				D2C48F821F9A458A0051294F /* Multitouch.app */,
				D2C48F9C1F9A458A0051294F /* MultitouchTests.xctest */,
				D2C48FA71F9A458A0051294F /* MultitouchUITests.xctest */,
			);
			name = Products;
			sourceTree = "<group>";
		};
		D2C48F841F9A458A0051294F /* Multitouch */ = {
			isa = PBXGroup;
			children = (
				D2C48F851F9A458A0051294F /* AppDelegate.swift */,
				D2C48F8B1F9A458A0051294F /* GameScene.swift */,
				D2C48F8D1F9A458A0051294F /* GameViewController.swift */,
				D2C48F8F1F9A458A0051294F /* Main.storyboard */,
				D2C48F921F9A458A0051294F /* Assets.xcassets */,
				D2C48F941F9A458A0051294F /* LaunchScreen.storyboard */,
				D2C48F971F9A458A0051294F /* Info.plist */,
			);
			path = Multitouch;
			sourceTree = "<group>";
		};
		D2C48F9F1F9A458A0051294F /* MultitouchTests */ = {
			isa = PBXGroup;
			children = (
				D2C48FA01F9A458A0051294F /* MultitouchTests.swift */,
				D2C48FA21F9A458A0051294F /* Info.plist */,
			);
			path = MultitouchTests;
			sourceTree = "<group>";
		};
		D2C48FAA1F9A458A0051294F /* MultitouchUITests */ = {
			isa = PBXGroup;
			children = (
				D2C48FAB1F9A458A0051294F /* MultitouchUITests.swift */,
				D2C48FAD1F9A458A0051294F /* Info.plist */,
			);
			path = MultitouchUITests;
			sourceTree = "<group>";
		};
/* End PBXGroup section */

/* Begin PBXNativeTarget section */
		D2C48F811F9A458A0051294F /* Multitouch */ = {
			isa = PBXNativeTarget;
			buildConfigurationList = D2C48FB01F9A458A0051294F /* Build configuration list for PBXNativeTarget "Multitouch" */;
			buildPhases = (
				D2C48F7E1F9A458A0051294F /* Sources */,
				D2C48F7F1F9A458A0051294F /* Frameworks */,
				D2C48F801F9A458A0051294F /* Resources */,
			);
			buildRules = (
			);
			dependencies = (
			);
			name = Multitouch;
			productName = Multitouch;
			productReference = D2C48F821F9A458A0051294F /* Multitouch.app */;
			productType = "com.apple.product-type.application";
		};
		D2C48F9B1F9A458A0051294F /* MultitouchTests */ = {
			isa = PBXNativeTarget;
			buildConfigurationList = D2C48FB31F9A458A0051294F /* Build configuration list for PBXNativeTarget "MultitouchTests" */;
			buildPhases = (
				D2C48F981F9A458A0051294F /* Sources */,
				D2C48F991F9A458A0051294F /* Frameworks */,
				D2C48F9A1F9A458A0051294F /* Resources */,
			);
			buildRules = (
			);
			dependencies = (
				D2C48F9E1F9A458A0051294F /* PBXTargetDependency */,
			);
			name = MultitouchTests;
			productName = MultitouchTests;
			productReference = D2C48F9C1F9A458A0051294F /* MultitouchTests.xctest */;
			productType = "com.apple.product-type.bundle.unit-test";
		};
		D2C48FA61F9A458A0051294F /* MultitouchUITests */ = {
			isa = PBXNativeTarget;
			buildConfigurationList = D2C48FB61F9A458A0051294F /* Build configuration list for PBXNativeTarget "MultitouchUITests" */;
			buildPhases = (
				D2C48FA31F9A458A0051294F /* Sources */,
				D2C48FA41F9A458A0051294F /* Frameworks */,
				D2C48FA51F9A458A0051294F /* Resources */,
			);
			buildRules = (
			);
			dependencies = (
				D2C48FA91F9A458A0051294F /* PBXTargetDependency */,
			);
			name = MultitouchUITests;
			productName = MultitouchUITests;
			productReference = D2C48FA71F9A458A0051294F /* MultitouchUITests.xctest */;
			productType = "com.apple.product-type.bundle.ui-testing";
		};
/* End PBXNativeTarget section */

/* Begin PBXProject section */
		D2C48F7A1F9A458A0051294F /* Project object */ = {
			isa = PBXProject;
			attributes = {
				LastSwiftUpdateCheck = 0900;
				LastUpgradeCheck = 0900;
				ORGANIZATIONNAME = "Parker Thomas";
				TargetAttributes = {
					D2C48F811F9A458A0051294F = {
						CreatedOnToolsVersion = 9.0;
						ProvisioningStyle = Automatic;
					};
					D2C48F9B1F9A458A0051294F = {
						CreatedOnToolsVersion = 9.0;
						ProvisioningStyle = Automatic;
						TestTargetID = D2C48F811F9A458A0051294F;
					};
					D2C48FA61F9A458A0051294F = {
						CreatedOnToolsVersion = 9.0;
						ProvisioningStyle = Automatic;
						TestTargetID = D2C48F811F9A458A0051294F;
					};
				};
			};
			buildConfigurationList = D2C48F7D1F9A458A0051294F /* Build configuration list for PBXProject "Multitouch" */;
			compatibilityVersion = "Xcode 8.0";
			developmentRegion = en;
			hasScannedForEncodings = 0;
			knownRegions = (
				en,
				Base,
			);
			mainGroup = D2C48F791F9A458A0051294F;
			productRefGroup = D2C48F831F9A458A0051294F /* Products */;
			projectDirPath = "";
			projectRoot = "";
			targets = (
				D2C48F811F9A458A0051294F /* Multitouch */,
				D2C48F9B1F9A458A0051294F /* MultitouchTests */,
				D2C48FA61F9A458A0051294F /* MultitouchUITests */,
			);
		};
/* End PBXProject section */

/* Begin PBXResourcesBuildPhase section */
		D2C48F801F9A458A0051294F /* Resources */ = {
			isa = PBXResourcesBuildPhase;
			buildActionMask = 2147483647;
			files = (
				D2C48F911F9A458A0051294F /* Main.storyboard in Resources */,
				D2C48F931F9A458A0051294F /* Assets.xcassets in Resources */,
				D2C48F961F9A458A0051294F /* LaunchScreen.storyboard in Resources */,
			);
			runOnlyForDeploymentPostprocessing = 0;
		};
		D2C48F9A1F9A458A0051294F /* Resources */ = {
			isa = PBXResourcesBuildPhase;
			buildActionMask = 2147483647;
			files = (
			);
			runOnlyForDeploymentPostprocessing = 0;
		};
		D2C48FA51F9A458A0051294F /* Resources */ = {
			isa = PBXResourcesBuildPhase;
			buildActionMask = 2147483647;
			files = (
			);
			runOnlyForDeploymentPostprocessing = 0;
		};
/* End PBXResourcesBuildPhase section */

/* Begin PBXSourcesBuildPhase section */
		D2C48F7E1F9A458A0051294F /* Sources */ = {
			isa = PBXSourcesBuildPhase;
			buildActionMask = 2147483647;
			files = (
				D2C48F8C1F9A458A0051294F /* GameScene.swift in Sources */,
				D2C48F8E1F9A458A0051294F /* GameViewController.swift in Sources */,
				D2C48F861F9A458A0051294F /* AppDelegate.swift in Sources */,
			);
			runOnlyForDeploymentPostprocessing = 0;
		};
		D2C48F981F9A458A0051294F /* Sources */ = {
			isa = PBXSourcesBuildPhase;
			buildActionMask = 2147483647;
			files = (
				D2C48FA11F9A458A0051294F /* MultitouchTests.swift in Sources */,
			);
			runOnlyForDeploymentPostprocessing = 0;
		};
		D2C48FA31F9A458A0051294F /* Sources */ = {
			isa = PBXSourcesBuildPhase;
			buildActionMask = 2147483647;
			files = (
				D2C48FAC1F9A458A0051294F /* MultitouchUITests.swift in Sources */,
			);
			runOnlyForDeploymentPostprocessing = 0;
		};
/* End PBXSourcesBuildPhase section */

/* Begin PBXTargetDependency section */
		D2C48F9E1F9A458A0051294F /* PBXTargetDependency */ = {
			isa = PBXTargetDependency;
			target = D2C48F811F9A458A0051294F /* Multitouch */;
			targetProxy = D2C48F9D1F9A458A0051294F /* PBXContainerItemProxy */;
		};
		D2C48FA91F9A458A0051294F /* PBXTargetDependency */ = {
			isa = PBXTargetDependency;
			target = D2C48F811F9A458A0051294F /* Multitouch */;
			targetProxy = D2C48FA81F9A458A0051294F /* PBXContainerItemProxy */;
		};
/* End PBXTargetDependency section */

/* Begin PBXVariantGroup section */
		D2C48F8F1F9A458A0051294F /* Main.storyboard */ = {
			isa = PBXVariantGroup;
			children = (
				D2C48F901F9A458A0051294F /* Base */,
			);
			name = Main.storyboard;
			sourceTree = "<group>";
		};
		D2C48F941F9A458A0051294F /* LaunchScreen.storyboard */ = {
			isa = PBXVariantGroup;
			children = (
				D2C48F951F9A458A0051294F /* Base */,
			);
			name = LaunchScreen.storyboard;
			sourceTree = "<group>";
		};
/* End PBXVariantGroup section */

/* Begin XCBuildConfiguration section */
		D2C48FAE1F9A458A0051294F /* Debug */ = {
			isa = XCBuildConfiguration;
			buildSettings = {
				ALWAYS_SEARCH_USER_PATHS = NO;
				CLANG_ANALYZER_NONNULL = YES;
				CLANG_ANALYZER_NUMBER_OBJECT_CONVERSION = YES_AGGRESSIVE;
				CLANG_CXX_LANGUAGE_STANDARD = "gnu++14";
				CLANG_CXX_LIBRARY = "libc++";
				CLANG_ENABLE_MODULES = YES;
				CLANG_ENABLE_OBJC_ARC = YES;
				CLANG_WARN_BLOCK_CAPTURE_AUTORELEASING = YES;
				CLANG_WARN_BOOL_CONVERSION = YES;
				CLANG_WARN_COMMA = YES;
				CLANG_WARN_CONSTANT_CONVERSION = YES;
				CLANG_WARN_DIRECT_OBJC_ISA_USAGE = YES_ERROR;
				CLANG_WARN_DOCUMENTATION_COMMENTS = YES;
				CLANG_WARN_EMPTY_BODY = YES;
				CLANG_WARN_ENUM_CONVERSION = YES;
				CLANG_WARN_INFINITE_RECURSION = YES;
				CLANG_WARN_INT_CONVERSION = YES;
				CLANG_WARN_NON_LITERAL_NULL_CONVERSION = YES;
				CLANG_WARN_OBJC_LITERAL_CONVERSION = YES;
				CLANG_WARN_OBJC_ROOT_CLASS = YES_ERROR;
				CLANG_WARN_RANGE_LOOP_ANALYSIS = YES;
				CLANG_WARN_STRICT_PROTOTYPES = YES;
				CLANG_WARN_SUSPICIOUS_MOVE = YES;
				CLANG_WARN_UNGUARDED_AVAILABILITY = YES_AGGRESSIVE;
				CLANG_WARN_UNREACHABLE_CODE = YES;
				CLANG_WARN__DUPLICATE_METHOD_MATCH = YES;
				CODE_SIGN_IDENTITY = "iPhone Developer";
				COPY_PHASE_STRIP = NO;
				DEBUG_INFORMATION_FORMAT = dwarf;
				ENABLE_STRICT_OBJC_MSGSEND = YES;
				ENABLE_TESTABILITY = YES;
				GCC_C_LANGUAGE_STANDARD = gnu11;
				GCC_DYNAMIC_NO_PIC = NO;
				GCC_NO_COMMON_BLOCKS = YES;
				GCC_OPTIMIZATION_LEVEL = 0;
				GCC_PREPROCESSOR_DEFINITIONS = (
					"DEBUG=1",
					"$(inherited)",
				);
				GCC_WARN_64_TO_32_BIT_CONVERSION = YES;
				GCC_WARN_ABOUT_RETURN_TYPE = YES_ERROR;
				GCC_WARN_UNDECLARED_SELECTOR = YES;
				GCC_WARN_UNINITIALIZED_AUTOS = YES_AGGRESSIVE;
				GCC_WARN_UNUSED_FUNCTION = YES;
				GCC_WARN_UNUSED_VARIABLE = YES;
				IPHONEOS_DEPLOYMENT_TARGET = 11.0;
				MTL_ENABLE_DEBUG_INFO = YES;
				ONLY_ACTIVE_ARCH = YES;
				SDKROOT = iphoneos;
				SWIFT_ACTIVE_COMPILATION_CONDITIONS = DEBUG;
				SWIFT_OPTIMIZATION_LEVEL = "-Onone";
			};
			name = Debug;
		};
		D2C48FAF1F9A458A0051294F /* Release */ = {
			isa = XCBuildConfiguration;
			buildSettings = {
				ALWAYS_SEARCH_USER_PATHS = NO;
				CLANG_ANALYZER_NONNULL = YES;
				CLANG_ANALYZER_NUMBER_OBJECT_CONVERSION = YES_AGGRESSIVE;
				CLANG_CXX_LANGUAGE_STANDARD = "gnu++14";
				CLANG_CXX_LIBRARY = "libc++";
				CLANG_ENABLE_MODULES = YES;
				CLANG_ENABLE_OBJC_ARC = YES;
				CLANG_WARN_BLOCK_CAPTURE_AUTORELEASING = YES;
				CLANG_WARN_BOOL_CONVERSION = YES;
				CLANG_WARN_COMMA = YES;
				CLANG_WARN_CONSTANT_CONVERSION = YES;
				CLANG_WARN_DIRECT_OBJC_ISA_USAGE = YES_ERROR;
				CLANG_WARN_DOCUMENTATION_COMMENTS = YES;
				CLANG_WARN_EMPTY_BODY = YES;
				CLANG_WARN_ENUM_CONVERSION = YES;
				CLANG_WARN_INFINITE_RECURSION = YES;
				CLANG_WARN_INT_CONVERSION = YES;
				CLANG_WARN_NON_LITERAL_NULL_CONVERSION = YES;
				CLANG_WARN_OBJC_LITERAL_CONVERSION = YES;
				CLANG_WARN_OBJC_ROOT_CLASS = YES_ERROR;
				CLANG_WARN_RANGE_LOOP_ANALYSIS = YES;
				CLANG_WARN_STRICT_PROTOTYPES = YES;
				CLANG_WARN_SUSPICIOUS_MOVE = YES;
				CLANG_WARN_UNGUARDED_AVAILABILITY = YES_AGGRESSIVE;
				CLANG_WARN_UNREACHABLE_CODE = YES;
				CLANG_WARN__DUPLICATE_METHOD_MATCH = YES;
				CODE_SIGN_IDENTITY = "iPhone Developer";
				COPY_PHASE_STRIP = NO;
				DEBUG_INFORMATION_FORMAT = "dwarf-with-dsym";
				ENABLE_NS_ASSERTIONS = NO;
				ENABLE_STRICT_OBJC_MSGSEND = YES;
				GCC_C_LANGUAGE_STANDARD = gnu11;
				GCC_NO_COMMON_BLOCKS = YES;
				GCC_WARN_64_TO_32_BIT_CONVERSION = YES;
				GCC_WARN_ABOUT_RETURN_TYPE = YES_ERROR;
				GCC_WARN_UNDECLARED_SELECTOR = YES;
				GCC_WARN_UNINITIALIZED_AUTOS = YES_AGGRESSIVE;
				GCC_WARN_UNUSED_FUNCTION = YES;
				GCC_WARN_UNUSED_VARIABLE = YES;
				IPHONEOS_DEPLOYMENT_TARGET = 11.0;
				MTL_ENABLE_DEBUG_INFO = NO;
				SDKROOT = iphoneos;
				SWIFT_OPTIMIZATION_LEVEL = "-Owholemodule";
				VALIDATE_PRODUCT = YES;
			};
			name = Release;
		};
		D2C48FB11F9A458A0051294F /* Debug */ = {
			isa = XCBuildConfiguration;
			buildSettings = {
				ASSETCATALOG_COMPILER_APPICON_NAME = AppIcon;
				CODE_SIGN_STYLE = Automatic;
				DEVELOPMENT_TEAM = 5C9KR29A53;
				INFOPLIST_FILE = Multitouch/Info.plist;
				IPHONEOS_DEPLOYMENT_TARGET = 10.2;
				LD_RUNPATH_SEARCH_PATHS = "$(inherited) @executable_path/Frameworks";
				PRODUCT_BUNDLE_IDENTIFIER = com.github.castlecorp.Multitouch;
				PRODUCT_NAME = "$(TARGET_NAME)";
				SWIFT_VERSION = 4.0;
				TARGETED_DEVICE_FAMILY = "1,2";
			};
			name = Debug;
		};
		D2C48FB21F9A458A0051294F /* Release */ = {
			isa = XCBuildConfiguration;
			buildSettings = {
				ASSETCATALOG_COMPILER_APPICON_NAME = AppIcon;
				CODE_SIGN_STYLE = Automatic;
				DEVELOPMENT_TEAM = 5C9KR29A53;
				INFOPLIST_FILE = Multitouch/Info.plist;
				IPHONEOS_DEPLOYMENT_TARGET = 10.2;
				LD_RUNPATH_SEARCH_PATHS = "$(inherited) @executable_path/Frameworks";
				PRODUCT_BUNDLE_IDENTIFIER = com.github.castlecorp.Multitouch;
				PRODUCT_NAME = "$(TARGET_NAME)";
				SWIFT_VERSION = 4.0;
				TARGETED_DEVICE_FAMILY = "1,2";
			};
			name = Release;
		};
		D2C48FB41F9A458A0051294F /* Debug */ = {
			isa = XCBuildConfiguration;
			buildSettings = {
				ALWAYS_EMBED_SWIFT_STANDARD_LIBRARIES = YES;
				BUNDLE_LOADER = "$(TEST_HOST)";
				CODE_SIGN_STYLE = Automatic;
				INFOPLIST_FILE = MultitouchTests/Info.plist;
				LD_RUNPATH_SEARCH_PATHS = "$(inherited) @executable_path/Frameworks @loader_path/Frameworks";
				PRODUCT_BUNDLE_IDENTIFIER = edu.elon.cs.MultitouchTests;
				PRODUCT_NAME = "$(TARGET_NAME)";
				SWIFT_VERSION = 4.0;
				TARGETED_DEVICE_FAMILY = "1,2";
				TEST_HOST = "$(BUILT_PRODUCTS_DIR)/Multitouch.app/Multitouch";
			};
			name = Debug;
		};
		D2C48FB51F9A458A0051294F /* Release */ = {
			isa = XCBuildConfiguration;
			buildSettings = {
				ALWAYS_EMBED_SWIFT_STANDARD_LIBRARIES = YES;
				BUNDLE_LOADER = "$(TEST_HOST)";
				CODE_SIGN_STYLE = Automatic;
				INFOPLIST_FILE = MultitouchTests/Info.plist;
				LD_RUNPATH_SEARCH_PATHS = "$(inherited) @executable_path/Frameworks @loader_path/Frameworks";
				PRODUCT_BUNDLE_IDENTIFIER = edu.elon.cs.MultitouchTests;
				PRODUCT_NAME = "$(TARGET_NAME)";
				SWIFT_VERSION = 4.0;
				TARGETED_DEVICE_FAMILY = "1,2";
				TEST_HOST = "$(BUILT_PRODUCTS_DIR)/Multitouch.app/Multitouch";
			};
			name = Release;
		};
		D2C48FB71F9A458A0051294F /* Debug */ = {
			isa = XCBuildConfiguration;
			buildSettings = {
				ALWAYS_EMBED_SWIFT_STANDARD_LIBRARIES = YES;
				CODE_SIGN_STYLE = Automatic;
				INFOPLIST_FILE = MultitouchUITests/Info.plist;
				LD_RUNPATH_SEARCH_PATHS = "$(inherited) @executable_path/Frameworks @loader_path/Frameworks";
				PRODUCT_BUNDLE_IDENTIFIER = edu.elon.cs.MultitouchUITests;
				PRODUCT_NAME = "$(TARGET_NAME)";
				SWIFT_VERSION = 4.0;
				TARGETED_DEVICE_FAMILY = "1,2";
				TEST_TARGET_NAME = Multitouch;
			};
			name = Debug;
		};
		D2C48FB81F9A458A0051294F /* Release */ = {
			isa = XCBuildConfiguration;
			buildSettings = {
				ALWAYS_EMBED_SWIFT_STANDARD_LIBRARIES = YES;
				CODE_SIGN_STYLE = Automatic;
				INFOPLIST_FILE = MultitouchUITests/Info.plist;
				LD_RUNPATH_SEARCH_PATHS = "$(inherited) @executable_path/Frameworks @loader_path/Frameworks";
				PRODUCT_BUNDLE_IDENTIFIER = edu.elon.cs.MultitouchUITests;
				PRODUCT_NAME = "$(TARGET_NAME)";
				SWIFT_VERSION = 4.0;
				TARGETED_DEVICE_FAMILY = "1,2";
				TEST_TARGET_NAME = Multitouch;
			};
			name = Release;
		};
/* End XCBuildConfiguration section */

/* Begin XCConfigurationList section */
		D2C48F7D1F9A458A0051294F /* Build configuration list for PBXProject "Multitouch" */ = {
			isa = XCConfigurationList;
			buildConfigurations = (
				D2C48FAE1F9A458A0051294F /* Debug */,
				D2C48FAF1F9A458A0051294F /* Release */,
			);
			defaultConfigurationIsVisible = 0;
			defaultConfigurationName = Release;
		};
		D2C48FB01F9A458A0051294F /* Build configuration list for PBXNativeTarget "Multitouch" */ = {
			isa = XCConfigurationList;
			buildConfigurations = (
				D2C48FB11F9A458A0051294F /* Debug */,
				D2C48FB21F9A458A0051294F /* Release */,
			);
			defaultConfigurationIsVisible = 0;
			defaultConfigurationName = Release;
		};
		D2C48FB31F9A458A0051294F /* Build configuration list for PBXNativeTarget "MultitouchTests" */ = {
			isa = XCConfigurationList;
			buildConfigurations = (
				D2C48FB41F9A458A0051294F /* Debug */,
				D2C48FB51F9A458A0051294F /* Release */,
			);
			defaultConfigurationIsVisible = 0;
			defaultConfigurationName = Release;
		};
		D2C48FB61F9A458A0051294F /* Build configuration list for PBXNativeTarget "MultitouchUITests" */ = {
			isa = XCConfigurationList;
			buildConfigurations = (
				D2C48FB71F9A458A0051294F /* Debug */,
				D2C48FB81F9A458A0051294F /* Release */,
			);
			defaultConfigurationIsVisible = 0;
			defaultConfigurationName = Release;
		};
/* End XCConfigurationList section */
	};
	rootObject = D2C48F7A1F9A458A0051294F /* Project object */;
}
